
Microsoft Visual Studio Solution File, Format Version 12.00
# Visual Studio Version 16
VisualStudioVersion = 16.0.31605.320
MinimumVisualStudioVersion = 10.0.40219.1
Project("{FAE04EC0-301F-11D3-BF4B-00C04F79EFBC}") = "NonConstructibleChange", "NonConstructibleChange.csproj", "{8F7A326C-1C55-4A31-A92B-4E4B353039AA}"
EndProject
Global
	GlobalSection(SolutionConfigurationPlatforms) = preSolution
		Debug|Any CPU = Debug|Any CPU
		Release|Any CPU = Release|Any CPU
	EndGlobalSection
	GlobalSection(ProjectConfigurationPlatforms) = postSolution
		{8F7A326C-1C55-4A31-A92B-4E4B353039AA}.Debug|Any CPU.ActiveCfg = Debug|Any CPU
		{8F7A326C-1C55-4A31-A92B-4E4B353039AA}.Debug|Any CPU.Build.0 = Debug|Any CPU
		{8F7A326C-1C55-4A31-A92B-4E4B353039AA}.Release|Any CPU.ActiveCfg = Release|Any CPU
		{8F7A326C-1C55-4A31-A92B-4E4B353039AA}.Release|Any CPU.Build.0 = Release|Any CPU
	EndGlobalSection
	GlobalSection(SolutionProperties) = preSolution
		HideSolutionNode = FALSE
	EndGlobalSection
	GlobalSection(ExtensibilityGlobals) = postSolution
		SolutionGuid = {434867C8-62F0-4B8B-BD86-E1304A0B8AC8}
	EndGlobalSection
EndGlobal
