
Microsoft Visual Studio Solution File, Format Version 12.00
# Visual Studio Version 16
VisualStudioVersion = 16.0.30804.86
MinimumVisualStudioVersion = 10.0.40219.1
Project("{FAE04EC0-301F-11D3-BF4B-00C04F79EFBC}") = "MinHeightBST", "MinHeightBST\MinHeightBST.csproj", "{094D8610-BB82-4A81-9278-27670BDF7696}"
EndProject
Global
	GlobalSection(SolutionConfigurationPlatforms) = preSolution
		Debug|Any CPU = Debug|Any CPU
		Release|Any CPU = Release|Any CPU
	EndGlobalSection
	GlobalSection(ProjectConfigurationPlatforms) = postSolution
		{094D8610-BB82-4A81-9278-27670BDF7696}.Debug|Any CPU.ActiveCfg = Debug|Any CPU
		{094D8610-BB82-4A81-9278-27670BDF7696}.Debug|Any CPU.Build.0 = Debug|Any CPU
		{094D8610-BB82-4A81-9278-27670BDF7696}.Release|Any CPU.ActiveCfg = Release|Any CPU
		{094D8610-BB82-4A81-9278-27670BDF7696}.Release|Any CPU.Build.0 = Release|Any CPU
	EndGlobalSection
	GlobalSection(SolutionProperties) = preSolution
		HideSolutionNode = FALSE
	EndGlobalSection
	GlobalSection(ExtensibilityGlobals) = postSolution
		SolutionGuid = {1713A6E5-424C-436F-A637-AA15D395A98F}
	EndGlobalSection
EndGlobal
