
Microsoft Visual Studio Solution File, Format Version 12.00
# Visual Studio Version 16
VisualStudioVersion = 16.0.31605.320
MinimumVisualStudioVersion = 10.0.40219.1
Project("{FAE04EC0-301F-11D3-BF4B-00C04F79EFBC}") = "Monotonic_Array", "Monotonic_Array.csproj", "{A7D6B7D8-B096-42C6-A792-2384352FAA98}"
EndProject
Global
	GlobalSection(SolutionConfigurationPlatforms) = preSolution
		Debug|Any CPU = Debug|Any CPU
		Release|Any CPU = Release|Any CPU
	EndGlobalSection
	GlobalSection(ProjectConfigurationPlatforms) = postSolution
		{A7D6B7D8-B096-42C6-A792-2384352FAA98}.Debug|Any CPU.ActiveCfg = Debug|Any CPU
		{A7D6B7D8-B096-42C6-A792-2384352FAA98}.Debug|Any CPU.Build.0 = Debug|Any CPU
		{A7D6B7D8-B096-42C6-A792-2384352FAA98}.Release|Any CPU.ActiveCfg = Release|Any CPU
		{A7D6B7D8-B096-42C6-A792-2384352FAA98}.Release|Any CPU.Build.0 = Release|Any CPU
	EndGlobalSection
	GlobalSection(SolutionProperties) = preSolution
		HideSolutionNode = FALSE
	EndGlobalSection
	GlobalSection(ExtensibilityGlobals) = postSolution
		SolutionGuid = {73BBD498-46B1-4C69-A729-B68B95F7DD04}
	EndGlobalSection
EndGlobal
