
Microsoft Visual Studio Solution File, Format Version 12.00
# Visual Studio Version 16
VisualStudioVersion = 16.0.32802.440
MinimumVisualStudioVersion = 10.0.40219.1
Project("{FAE04EC0-301F-11D3-BF4B-00C04F79EFBC}") = "Solutions", "Solutions\Solutions.csproj", "{2B743473-D472-43EC-986D-D28EF14C6373}"
EndProject
Global
	GlobalSection(SolutionConfigurationPlatforms) = preSolution
		Debug|Any CPU = Debug|Any CPU
		Release|Any CPU = Release|Any CPU
	EndGlobalSection
	GlobalSection(ProjectConfigurationPlatforms) = postSolution
		{2B743473-D472-43EC-986D-D28EF14C6373}.Debug|Any CPU.ActiveCfg = Debug|Any CPU
		{2B743473-D472-43EC-986D-D28EF14C6373}.Debug|Any CPU.Build.0 = Debug|Any CPU
		{2B743473-D472-43EC-986D-D28EF14C6373}.Release|Any CPU.ActiveCfg = Release|Any CPU
		{2B743473-D472-43EC-986D-D28EF14C6373}.Release|Any CPU.Build.0 = Release|Any CPU
	EndGlobalSection
	GlobalSection(SolutionProperties) = preSolution
		HideSolutionNode = FALSE
	EndGlobalSection
	GlobalSection(ExtensibilityGlobals) = postSolution
		SolutionGuid = {A3218A67-47D1-4082-B38F-22898E88721B}
	EndGlobalSection
EndGlobal
