
Microsoft Visual Studio Solution File, Format Version 12.00
# Visual Studio Version 16
VisualStudioVersion = 16.0.30804.86
MinimumVisualStudioVersion = 10.0.40219.1
Project("{FAE04EC0-301F-11D3-BF4B-00C04F79EFBC}") = "Invert Binary Tree", "Invert Binary Tree\Invert Binary Tree.csproj", "{939285E5-FFA6-42CA-A5CE-E3FFE8F48A38}"
EndProject
Global
	GlobalSection(SolutionConfigurationPlatforms) = preSolution
		Debug|Any CPU = Debug|Any CPU
		Release|Any CPU = Release|Any CPU
	EndGlobalSection
	GlobalSection(ProjectConfigurationPlatforms) = postSolution
		{939285E5-FFA6-42CA-A5CE-E3FFE8F48A38}.Debug|Any CPU.ActiveCfg = Debug|Any CPU
		{939285E5-FFA6-42CA-A5CE-E3FFE8F48A38}.Debug|Any CPU.Build.0 = Debug|Any CPU
		{939285E5-FFA6-42CA-A5CE-E3FFE8F48A38}.Release|Any CPU.ActiveCfg = Release|Any CPU
		{939285E5-FFA6-42CA-A5CE-E3FFE8F48A38}.Release|Any CPU.Build.0 = Release|Any CPU
	EndGlobalSection
	GlobalSection(SolutionProperties) = preSolution
		HideSolutionNode = FALSE
	EndGlobalSection
	GlobalSection(ExtensibilityGlobals) = postSolution
		SolutionGuid = {48713AC9-F249-4516-A6B9-B2BD00D075DA}
	EndGlobalSection
EndGlobal
